
Microsoft Visual Studio Solution File, Format Version 11.00
# Visual Studio 2010
Project("{8BC9CEB8-8B4A-11D0-8D11-00A0C91BC942}") = "ThrowExceptionInsideDLLInMemory", "ThrowExceptionInsideDLLInMemory.vcxproj", "{DD5458EA-E31F-40D5-A09D-39A429EAD1E0}"
	ProjectSection(ProjectDependencies) = postProject
		{EC29F74E-6424-4BA1-9DA4-8B2449E930A4} = {EC29F74E-6424-4BA1-9DA4-8B2449E930A4}
	EndProjectSection
EndProject
Project("{8BC9CEB8-8B4A-11D0-8D11-00A0C91BC942}") = "DLLToLoad", "DLLToLoad\DLLToLoad.vcxproj", "{EC29F74E-6424-4BA1-9DA4-8B2449E930A4}"
EndProject
Global
	GlobalSection(SolutionConfigurationPlatforms) = preSolution
		Debug|Win32 = Debug|Win32
		Release|Win32 = Release|Win32
	EndGlobalSection
	GlobalSection(ProjectConfigurationPlatforms) = postSolution
		{DD5458EA-E31F-40D5-A09D-39A429EAD1E0}.Debug|Win32.ActiveCfg = Debug|Win32
		{DD5458EA-E31F-40D5-A09D-39A429EAD1E0}.Debug|Win32.Build.0 = Debug|Win32
		{DD5458EA-E31F-40D5-A09D-39A429EAD1E0}.Release|Win32.ActiveCfg = Release|Win32
		{DD5458EA-E31F-40D5-A09D-39A429EAD1E0}.Release|Win32.Build.0 = Release|Win32
		{EC29F74E-6424-4BA1-9DA4-8B2449E930A4}.Debug|Win32.ActiveCfg = Debug|Win32
		{EC29F74E-6424-4BA1-9DA4-8B2449E930A4}.Debug|Win32.Build.0 = Debug|Win32
		{EC29F74E-6424-4BA1-9DA4-8B2449E930A4}.Release|Win32.ActiveCfg = Release|Win32
		{EC29F74E-6424-4BA1-9DA4-8B2449E930A4}.Release|Win32.Build.0 = Release|Win32
	EndGlobalSection
	GlobalSection(SolutionProperties) = preSolution
		HideSolutionNode = FALSE
	EndGlobalSection
EndGlobal
